PODS:
  - GPUImage (0.1.7)
  - Masonry (1.1.0)
  - OpenCV (3.0.0)
  - SVProgressHUD (2.2.5)

DEPENDENCIES:
  - GPUImage
  - Masonry
  - OpenCV (~> 3.0.0)
  - SVProgressHUD

SPEC REPOS:
  trunk:
    - GPUImage
    - Masonry
    - OpenCV
    - SVProgressHUD

SPEC CHECKSUMS:
  GPUImage: 733a5f0fab92df9de1c37ba9df520a833ccb406d
  Masonry: 678fab65091a9290e40e2832a55e7ab731aad201
  OpenCV: be07c02f0d8f125f1d40d261e66a66cb66ece3b3
  SVProgressHUD: 1428aafac632c1f86f62aa4243ec12008d7a51d6

PODFILE CHECKSUM: 495a8a754f467522e703bec9216ad9646455a023

COCOAPODS: 1.8.4
