// !$*UTF8*$!
{
	archiveVersion = 1;
	classes = {
	};
	objectVersion = 46;
	objects = {

/* Begin PBXBuildFile section */
		840D36A21DB7A46300EBC903 /* main.m in Sources */ = {isa = PBXBuildFile; fileRef = 840D36A11DB7A46300EBC903 /* main.m */; };
		840D36A51DB7A46300EBC903 /* AppDelegate.m in Sources */ = {isa = PBXBuildFile; fileRef = 840D36A41DB7A46300EBC903 /* AppDelegate.m */; };
		840D36AD1DB7A46300EBC903 /* Assets.xcassets in Resources */ = {isa = PBXBuildFile; fileRef = 840D36AC1DB7A46300EBC903 /* Assets.xcassets */; };
		840D36B01DB7A46300EBC903 /* LaunchScreen.storyboard in Resources */ = {isa = PBXBuildFile; fileRef = 840D36AE1DB7A46300EBC903 /* LaunchScreen.storyboard */; };
		840D36BC1DB7AFA900EBC903 /* XLVideoRecorder.m in Sources */ = {isa = PBXBuildFile; fileRef = 840D36BB1DB7AFA900EBC903 /* XLVideoRecorder.m */; };
		84BF85EC1DBC842A00B4094F /* bg.wav in Resources */ = {isa = PBXBuildFile; fileRef = 84BF85EA1DBC842A00B4094F /* bg.wav */; };
		84BF85ED1DBC842A00B4094F /* bird.gif in Resources */ = {isa = PBXBuildFile; fileRef = 84BF85EB1DBC842A00B4094F /* bird.gif */; };
		84D7C0881DB8F44700548F79 /* XLVideoEidt.m in Sources */ = {isa = PBXBuildFile; fileRef = 84D7C0871DB8F44700548F79 /* XLVideoEidt.m */; };
		84D7C08C1DB9025D00548F79 /* XLTipsView.m in Sources */ = {isa = PBXBuildFile; fileRef = 84D7C08B1DB9025D00548F79 /* XLTipsView.m */; };
		84F57E2A200C4E2C006A25B8 /* VideoVC.m in Sources */ = {isa = PBXBuildFile; fileRef = 84F57E23200C4E2B006A25B8 /* VideoVC.m */; };
		84F57E2B200C4E2C006A25B8 /* StartPageVC.xib in Resources */ = {isa = PBXBuildFile; fileRef = 84F57E24200C4E2B006A25B8 /* StartPageVC.xib */; };
		84F57E2C200C4E2C006A25B8 /* StartPageVC.m in Sources */ = {isa = PBXBuildFile; fileRef = 84F57E26200C4E2B006A25B8 /* StartPageVC.m */; };
		84F57E2D200C4E2C006A25B8 /* ImageVC.m in Sources */ = {isa = PBXBuildFile; fileRef = 84F57E28200C4E2C006A25B8 /* ImageVC.m */; };
		86E6270BADDEA8D2689EF8EF /* libPods-VideoDemo.a in Frameworks */ = {isa = PBXBuildFile; fileRef = 8F2A5E2C5ABC8311E235E953 /* libPods-VideoDemo.a */; };
/* End PBXBuildFile section */

/* Begin PBXFileReference section */
		07F4A15865C091CA207A9A2B /* Pods-VideoDemo.release.xcconfig */ = {isa = PBXFileReference; includeInIndex = 1; lastKnownFileType = text.xcconfig; name = "Pods-VideoDemo.release.xcconfig"; path = "Pods/Target Support Files/Pods-VideoDemo/Pods-VideoDemo.release.xcconfig"; sourceTree = "<group>"; };
		840D369D1DB7A46300EBC903 /* VideoDemo.app */ = {isa = PBXFileReference; explicitFileType = wrapper.application; includeInIndex = 0; path = VideoDemo.app; sourceTree = BUILT_PRODUCTS_DIR; };
		840D36A11DB7A46300EBC903 /* main.m */ = {isa = PBXFileReference; lastKnownFileType = sourcecode.c.objc; path = main.m; sourceTree = "<group>"; };
		840D36A31DB7A46300EBC903 /* AppDelegate.h */ = {isa = PBXFileReference; lastKnownFileType = sourcecode.c.h; path = AppDelegate.h; sourceTree = "<group>"; };
		840D36A41DB7A46300EBC903 /* AppDelegate.m */ = {isa = PBXFileReference; lastKnownFileType = sourcecode.c.objc; path = AppDelegate.m; sourceTree = "<group>"; };
		840D36AC1DB7A46300EBC903 /* Assets.xcassets */ = {isa = PBXFileReference; lastKnownFileType = folder.assetcatalog; path = Assets.xcassets; sourceTree = "<group>"; };
		840D36AF1DB7A46300EBC903 /* Base */ = {isa = PBXFileReference; lastKnownFileType = file.storyboard; name = Base; path = Base.lproj/LaunchScreen.storyboard; sourceTree = "<group>"; };
		840D36B11DB7A46300EBC903 /* Info.plist */ = {isa = PBXFileReference; lastKnownFileType = text.plist.xml; path = Info.plist; sourceTree = "<group>"; };
		840D36BA1DB7AFA900EBC903 /* XLVideoRecorder.h */ = {isa = PBXFileReference; fileEncoding = 4; lastKnownFileType = sourcecode.c.h; path = XLVideoRecorder.h; sourceTree = "<group>"; };
		840D36BB1DB7AFA900EBC903 /* XLVideoRecorder.m */ = {isa = PBXFileReference; fileEncoding = 4; lastKnownFileType = sourcecode.c.objc; path = XLVideoRecorder.m; sourceTree = "<group>"; };
		84BF85EA1DBC842A00B4094F /* bg.wav */ = {isa = PBXFileReference; lastKnownFileType = audio.wav; path = bg.wav; sourceTree = "<group>"; };
		84BF85EB1DBC842A00B4094F /* bird.gif */ = {isa = PBXFileReference; lastKnownFileType = image.gif; path = bird.gif; sourceTree = "<group>"; };
		84D7C0861DB8F44700548F79 /* XLVideoEidt.h */ = {isa = PBXFileReference; fileEncoding = 4; lastKnownFileType = sourcecode.c.h; path = XLVideoEidt.h; sourceTree = "<group>"; };
		84D7C0871DB8F44700548F79 /* XLVideoEidt.m */ = {isa = PBXFileReference; fileEncoding = 4; lastKnownFileType = sourcecode.c.objc; path = XLVideoEidt.m; sourceTree = "<group>"; };
		84D7C08A1DB9025D00548F79 /* XLTipsView.h */ = {isa = PBXFileReference; fileEncoding = 4; lastKnownFileType = sourcecode.c.h; path = XLTipsView.h; sourceTree = "<group>"; };
		84D7C08B1DB9025D00548F79 /* XLTipsView.m */ = {isa = PBXFileReference; fileEncoding = 4; lastKnownFileType = sourcecode.c.objc; path = XLTipsView.m; sourceTree = "<group>"; };
		84F57E23200C4E2B006A25B8 /* VideoVC.m */ = {isa = PBXFileReference; fileEncoding = 4; lastKnownFileType = sourcecode.c.objc; path = VideoVC.m; sourceTree = "<group>"; };
		84F57E24200C4E2B006A25B8 /* StartPageVC.xib */ = {isa = PBXFileReference; fileEncoding = 4; lastKnownFileType = file.xib; path = StartPageVC.xib; sourceTree = "<group>"; };
		84F57E25200C4E2B006A25B8 /* ImageVC.h */ = {isa = PBXFileReference; fileEncoding = 4; lastKnownFileType = sourcecode.c.h; path = ImageVC.h; sourceTree = "<group>"; };
		84F57E26200C4E2B006A25B8 /* StartPageVC.m */ = {isa = PBXFileReference; fileEncoding = 4; lastKnownFileType = sourcecode.c.objc; path = StartPageVC.m; sourceTree = "<group>"; };
		84F57E27200C4E2C006A25B8 /* VideoVC.h */ = {isa = PBXFileReference; fileEncoding = 4; lastKnownFileType = sourcecode.c.h; path = VideoVC.h; sourceTree = "<group>"; };
		84F57E28200C4E2C006A25B8 /* ImageVC.m */ = {isa = PBXFileReference; fileEncoding = 4; lastKnownFileType = sourcecode.c.objc; path = ImageVC.m; sourceTree = "<group>"; };
		84F57E29200C4E2C006A25B8 /* StartPageVC.h */ = {isa = PBXFileReference; fileEncoding = 4; lastKnownFileType = sourcecode.c.h; path = StartPageVC.h; sourceTree = "<group>"; };
		8F2A5E2C5ABC8311E235E953 /* libPods-VideoDemo.a */ = {isa = PBXFileReference; explicitFileType = archive.ar; includeInIndex = 0; path = "libPods-VideoDemo.a"; sourceTree = BUILT_PRODUCTS_DIR; };
		BE06C37E41019F8D349D6969 /* Pods-VideoDemo.debug.xcconfig */ = {isa = PBXFileReference; includeInIndex = 1; lastKnownFileType = text.xcconfig; name = "Pods-VideoDemo.debug.xcconfig"; path = "Pods/Target Support Files/Pods-VideoDemo/Pods-VideoDemo.debug.xcconfig"; sourceTree = "<group>"; };
/* End PBXFileReference section */

/* Begin PBXFrameworksBuildPhase section */
		840D369A1DB7A46200EBC903 /* Frameworks */ = {
			isa = PBXFrameworksBuildPhase;
			buildActionMask = 2147483647;
			files = (
				86E6270BADDEA8D2689EF8EF /* libPods-VideoDemo.a in Frameworks */,
			);
			runOnlyForDeploymentPostprocessing = 0;
		};
/* End PBXFrameworksBuildPhase section */

/* Begin PBXGroup section */
		0060C86C995A32379D2D7DEB /* Frameworks */ = {
			isa = PBXGroup;
			children = (
				8F2A5E2C5ABC8311E235E953 /* libPods-VideoDemo.a */,
			);
			name = Frameworks;
			sourceTree = "<group>";
		};
		840D36941DB7A46200EBC903 = {
			isa = PBXGroup;
			children = (
				840D369F1DB7A46300EBC903 /* VideoDemo */,
				840D369E1DB7A46300EBC903 /* Products */,
				EF08E4755F5B5AA5EA651D01 /* Pods */,
				0060C86C995A32379D2D7DEB /* Frameworks */,
			);
			sourceTree = "<group>";
		};
		840D369E1DB7A46300EBC903 /* Products */ = {
			isa = PBXGroup;
			children = (
				840D369D1DB7A46300EBC903 /* VideoDemo.app */,
			);
			name = Products;
			sourceTree = "<group>";
		};
		840D369F1DB7A46300EBC903 /* VideoDemo */ = {
			isa = PBXGroup;
			children = (
				84BF85E91DBC841B00B4094F /* Assets */,
				840D36A31DB7A46300EBC903 /* AppDelegate.h */,
				840D36A41DB7A46300EBC903 /* AppDelegate.m */,
				84F57E25200C4E2B006A25B8 /* ImageVC.h */,
				84F57E28200C4E2C006A25B8 /* ImageVC.m */,
				84F57E29200C4E2C006A25B8 /* StartPageVC.h */,
				84F57E26200C4E2B006A25B8 /* StartPageVC.m */,
				84F57E24200C4E2B006A25B8 /* StartPageVC.xib */,
				84F57E27200C4E2C006A25B8 /* VideoVC.h */,
				84F57E23200C4E2B006A25B8 /* VideoVC.m */,
				840D36B91DB7AF8800EBC903 /* Models */,
				84D7C0891DB9022A00548F79 /* View */,
				840D36AC1DB7A46300EBC903 /* Assets.xcassets */,
				840D36AE1DB7A46300EBC903 /* LaunchScreen.storyboard */,
				840D36B11DB7A46300EBC903 /* Info.plist */,
				840D36A01DB7A46300EBC903 /* Supporting Files */,
			);
			path = VideoDemo;
			sourceTree = "<group>";
		};
		840D36A01DB7A46300EBC903 /* Supporting Files */ = {
			isa = PBXGroup;
			children = (
				840D36A11DB7A46300EBC903 /* main.m */,
			);
			name = "Supporting Files";
			sourceTree = "<group>";
		};
		840D36B91DB7AF8800EBC903 /* Models */ = {
			isa = PBXGroup;
			children = (
				840D36BA1DB7AFA900EBC903 /* XLVideoRecorder.h */,
				840D36BB1DB7AFA900EBC903 /* XLVideoRecorder.m */,
				84D7C0861DB8F44700548F79 /* XLVideoEidt.h */,
				84D7C0871DB8F44700548F79 /* XLVideoEidt.m */,
			);
			path = Models;
			sourceTree = "<group>";
		};
		84BF85E91DBC841B00B4094F /* Assets */ = {
			isa = PBXGroup;
			children = (
				84BF85EA1DBC842A00B4094F /* bg.wav */,
				84BF85EB1DBC842A00B4094F /* bird.gif */,
			);
			path = Assets;
			sourceTree = "<group>";
		};
		84D7C0891DB9022A00548F79 /* View */ = {
			isa = PBXGroup;
			children = (
				84D7C08A1DB9025D00548F79 /* XLTipsView.h */,
				84D7C08B1DB9025D00548F79 /* XLTipsView.m */,
			);
			path = View;
			sourceTree = "<group>";
		};
		EF08E4755F5B5AA5EA651D01 /* Pods */ = {
			isa = PBXGroup;
			children = (
				BE06C37E41019F8D349D6969 /* Pods-VideoDemo.debug.xcconfig */,
				07F4A15865C091CA207A9A2B /* Pods-VideoDemo.release.xcconfig */,
			);
			name = Pods;
			sourceTree = "<group>";
		};
/* End PBXGroup section */

/* Begin PBXNativeTarget section */
		840D369C1DB7A46200EBC903 /* VideoDemo */ = {
			isa = PBXNativeTarget;
			buildConfigurationList = 840D36B41DB7A46300EBC903 /* Build configuration list for PBXNativeTarget "VideoDemo" */;
			buildPhases = (
				D147F106EFA2BD7B9EC893C7 /* [CP] Check Pods Manifest.lock */,
				840D36991DB7A46200EBC903 /* Sources */,
				840D369A1DB7A46200EBC903 /* Frameworks */,
				840D369B1DB7A46200EBC903 /* Resources */,
				31EE168DC6D5EA6490FEE668 /* [CP] Embed Pods Frameworks */,
				DC6142BC18C97FFF9460322E /* [CP] Copy Pods Resources */,
			);
			buildRules = (
			);
			dependencies = (
			);
			name = VideoDemo;
			productName = VideoDemo;
			productReference = 840D369D1DB7A46300EBC903 /* VideoDemo.app */;
			productType = "com.apple.product-type.application";
		};
/* End PBXNativeTarget section */

/* Begin PBXProject section */
		840D36951DB7A46200EBC903 /* Project object */ = {
			isa = PBXProject;
			attributes = {
				LastUpgradeCheck = 0800;
				ORGANIZATIONNAME = zhongxiaolong;
				TargetAttributes = {
					840D369C1DB7A46200EBC903 = {
						CreatedOnToolsVersion = 8.0;
						DevelopmentTeam = VU4XWBGWAJ;
						ProvisioningStyle = Automatic;
					};
				};
			};
			buildConfigurationList = 840D36981DB7A46200EBC903 /* Build configuration list for PBXProject "VideoDemo" */;
			compatibilityVersion = "Xcode 3.2";
			developmentRegion = English;
			hasScannedForEncodings = 0;
			knownRegions = (
				en,
				Base,
			);
			mainGroup = 840D36941DB7A46200EBC903;
			productRefGroup = 840D369E1DB7A46300EBC903 /* Products */;
			projectDirPath = "";
			projectRoot = "";
			targets = (
				840D369C1DB7A46200EBC903 /* VideoDemo */,
			);
		};
/* End PBXProject section */

/* Begin PBXResourcesBuildPhase section */
		840D369B1DB7A46200EBC903 /* Resources */ = {
			isa = PBXResourcesBuildPhase;
			buildActionMask = 2147483647;
			files = (
				84F57E2B200C4E2C006A25B8 /* StartPageVC.xib in Resources */,
				84BF85EC1DBC842A00B4094F /* bg.wav in Resources */,
				84BF85ED1DBC842A00B4094F /* bird.gif in Resources */,
				840D36B01DB7A46300EBC903 /* LaunchScreen.storyboard in Resources */,
				840D36AD1DB7A46300EBC903 /* Assets.xcassets in Resources */,
			);
			runOnlyForDeploymentPostprocessing = 0;
		};
/* End PBXResourcesBuildPhase section */

/* Begin PBXShellScriptBuildPhase section */
		31EE168DC6D5EA6490FEE668 /* [CP] Embed Pods Frameworks */ = {
			isa = PBXShellScriptBuildPhase;
			buildActionMask = 2147483647;
			files = (
			);
			inputPaths = (
			);
			name = "[CP] Embed Pods Frameworks";
			outputPaths = (
			);
			runOnlyForDeploymentPostprocessing = 0;
			shellPath = /bin/sh;
			shellScript = "\"${SRCROOT}/Pods/Target Support Files/Pods-VideoDemo/Pods-VideoDemo-frameworks.sh\"\n";
			showEnvVarsInLog = 0;
		};
		D147F106EFA2BD7B9EC893C7 /* [CP] Check Pods Manifest.lock */ = {
			isa = PBXShellScriptBuildPhase;
			buildActionMask = 2147483647;
			files = (
			);
			inputPaths = (
			);
			name = "[CP] Check Pods Manifest.lock";
			outputPaths = (
			);
			runOnlyForDeploymentPostprocessing = 0;
			shellPath = /bin/sh;
			shellScript = "diff \"${PODS_ROOT}/../Podfile.lock\" \"${PODS_ROOT}/Manifest.lock\" > /dev/null\nif [[ $? != 0 ]] ; then\n    cat << EOM\nerror: The sandbox is not in sync with the Podfile.lock. Run 'pod install' or update your CocoaPods installation.\nEOM\n    exit 1\nfi\n";
			showEnvVarsInLog = 0;
		};
		DC6142BC18C97FFF9460322E /* [CP] Copy Pods Resources */ = {
			isa = PBXShellScriptBuildPhase;
			buildActionMask = 2147483647;
			files = (
			);
			inputPaths = (
			);
			name = "[CP] Copy Pods Resources";
			outputPaths = (
			);
			runOnlyForDeploymentPostprocessing = 0;
			shellPath = /bin/sh;
			shellScript = "\"${SRCROOT}/Pods/Target Support Files/Pods-VideoDemo/Pods-VideoDemo-resources.sh\"\n";
			showEnvVarsInLog = 0;
		};
/* End PBXShellScriptBuildPhase section */

/* Begin PBXSourcesBuildPhase section */
		840D36991DB7A46200EBC903 /* Sources */ = {
			isa = PBXSourcesBuildPhase;
			buildActionMask = 2147483647;
			files = (
				840D36BC1DB7AFA900EBC903 /* XLVideoRecorder.m in Sources */,
				84D7C08C1DB9025D00548F79 /* XLTipsView.m in Sources */,
				84D7C0881DB8F44700548F79 /* XLVideoEidt.m in Sources */,
				84F57E2C200C4E2C006A25B8 /* StartPageVC.m in Sources */,
				84F57E2A200C4E2C006A25B8 /* VideoVC.m in Sources */,
				84F57E2D200C4E2C006A25B8 /* ImageVC.m in Sources */,
				840D36A51DB7A46300EBC903 /* AppDelegate.m in Sources */,
				840D36A21DB7A46300EBC903 /* main.m in Sources */,
			);
			runOnlyForDeploymentPostprocessing = 0;
		};
/* End PBXSourcesBuildPhase section */

/* Begin PBXVariantGroup section */
		840D36AE1DB7A46300EBC903 /* LaunchScreen.storyboard */ = {
			isa = PBXVariantGroup;
			children = (
				840D36AF1DB7A46300EBC903 /* Base */,
			);
			name = LaunchScreen.storyboard;
			sourceTree = "<group>";
		};
/* End PBXVariantGroup section */

/* Begin XCBuildConfiguration section */
		840D36B21DB7A46300EBC903 /* Debug */ = {
			isa = XCBuildConfiguration;
			buildSettings = {
				ALWAYS_SEARCH_USER_PATHS = NO;
				CLANG_ANALYZER_NONNULL = YES;
				CLANG_CXX_LANGUAGE_STANDARD = "gnu++0x";
				CLANG_CXX_LIBRARY = "libc++";
				CLANG_ENABLE_MODULES = YES;
				CLANG_ENABLE_OBJC_ARC = YES;
				CLANG_WARN_BOOL_CONVERSION = YES;
				CLANG_WARN_CONSTANT_CONVERSION = YES;
				CLANG_WARN_DIRECT_OBJC_ISA_USAGE = YES_ERROR;
				CLANG_WARN_DOCUMENTATION_COMMENTS = YES;
				CLANG_WARN_EMPTY_BODY = YES;
				CLANG_WARN_ENUM_CONVERSION = YES;
				CLANG_WARN_INFINITE_RECURSION = YES;
				CLANG_WARN_INT_CONVERSION = YES;
				CLANG_WARN_OBJC_ROOT_CLASS = YES_ERROR;
				CLANG_WARN_SUSPICIOUS_MOVES = YES;
				CLANG_WARN_UNREACHABLE_CODE = YES;
				CLANG_WARN__DUPLICATE_METHOD_MATCH = YES;
				"CODE_SIGN_IDENTITY[sdk=iphoneos*]" = "iPhone Developer";
				COPY_PHASE_STRIP = NO;
				DEBUG_INFORMATION_FORMAT = dwarf;
				ENABLE_STRICT_OBJC_MSGSEND = YES;
				ENABLE_TESTABILITY = YES;
				GCC_C_LANGUAGE_STANDARD = gnu99;
				GCC_DYNAMIC_NO_PIC = NO;
				GCC_NO_COMMON_BLOCKS = YES;
				GCC_OPTIMIZATION_LEVEL = 0;
				GCC_PREPROCESSOR_DEFINITIONS = (
					"DEBUG=1",
					"$(inherited)",
				);
				GCC_WARN_64_TO_32_BIT_CONVERSION = YES;
				GCC_WARN_ABOUT_RETURN_TYPE = YES_ERROR;
				GCC_WARN_UNDECLARED_SELECTOR = YES;
				GCC_WARN_UNINITIALIZED_AUTOS = YES_AGGRESSIVE;
				GCC_WARN_UNUSED_FUNCTION = YES;
				GCC_WARN_UNUSED_VARIABLE = YES;
				IPHONEOS_DEPLOYMENT_TARGET = 10.0;
				MTL_ENABLE_DEBUG_INFO = YES;
				ONLY_ACTIVE_ARCH = YES;
				SDKROOT = iphoneos;
			};
			name = Debug;
		};
		840D36B31DB7A46300EBC903 /* Release */ = {
			isa = XCBuildConfiguration;
			buildSettings = {
				ALWAYS_SEARCH_USER_PATHS = NO;
				CLANG_ANALYZER_NONNULL = YES;
				CLANG_CXX_LANGUAGE_STANDARD = "gnu++0x";
				CLANG_CXX_LIBRARY = "libc++";
				CLANG_ENABLE_MODULES = YES;
				CLANG_ENABLE_OBJC_ARC = YES;
				CLANG_WARN_BOOL_CONVERSION = YES;
				CLANG_WARN_CONSTANT_CONVERSION = YES;
				CLANG_WARN_DIRECT_OBJC_ISA_USAGE = YES_ERROR;
				CLANG_WARN_DOCUMENTATION_COMMENTS = YES;
				CLANG_WARN_EMPTY_BODY = YES;
				CLANG_WARN_ENUM_CONVERSION = YES;
				CLANG_WARN_INFINITE_RECURSION = YES;
				CLANG_WARN_INT_CONVERSION = YES;
				CLANG_WARN_OBJC_ROOT_CLASS = YES_ERROR;
				CLANG_WARN_SUSPICIOUS_MOVES = YES;
				CLANG_WARN_UNREACHABLE_CODE = YES;
				CLANG_WARN__DUPLICATE_METHOD_MATCH = YES;
				"CODE_SIGN_IDENTITY[sdk=iphoneos*]" = "iPhone Developer";
				COPY_PHASE_STRIP = NO;
				DEBUG_INFORMATION_FORMAT = "dwarf-with-dsym";
				ENABLE_NS_ASSERTIONS = NO;
				ENABLE_STRICT_OBJC_MSGSEND = YES;
				GCC_C_LANGUAGE_STANDARD = gnu99;
				GCC_NO_COMMON_BLOCKS = YES;
				GCC_WARN_64_TO_32_BIT_CONVERSION = YES;
				GCC_WARN_ABOUT_RETURN_TYPE = YES_ERROR;
				GCC_WARN_UNDECLARED_SELECTOR = YES;
				GCC_WARN_UNINITIALIZED_AUTOS = YES_AGGRESSIVE;
				GCC_WARN_UNUSED_FUNCTION = YES;
				GCC_WARN_UNUSED_VARIABLE = YES;
				IPHONEOS_DEPLOYMENT_TARGET = 10.0;
				MTL_ENABLE_DEBUG_INFO = NO;
				SDKROOT = iphoneos;
				VALIDATE_PRODUCT = YES;
			};
			name = Release;
		};
		840D36B51DB7A46300EBC903 /* Debug */ = {
			isa = XCBuildConfiguration;
			baseConfigurationReference = BE06C37E41019F8D349D6969 /* Pods-VideoDemo.debug.xcconfig */;
			buildSettings = {
				ASSETCATALOG_COMPILER_APPICON_NAME = AppIcon;
				"CODE_SIGN_IDENTITY[sdk=iphoneos*]" = "iPhone Developer";
				DEVELOPMENT_TEAM = VU4XWBGWAJ;
				INFOPLIST_FILE = VideoDemo/Info.plist;
				IPHONEOS_DEPLOYMENT_TARGET = 8.0;
				LD_RUNPATH_SEARCH_PATHS = "$(inherited) @executable_path/Frameworks";
				PRODUCT_BUNDLE_IDENTIFIER = com.zhongxiaolong.VideoDemo;
				PRODUCT_NAME = "$(TARGET_NAME)";
				PROVISIONING_PROFILE = "";
				PROVISIONING_PROFILE_SPECIFIER = "";
			};
			name = Debug;
		};
		840D36B61DB7A46300EBC903 /* Release */ = {
			isa = XCBuildConfiguration;
			baseConfigurationReference = 07F4A15865C091CA207A9A2B /* Pods-VideoDemo.release.xcconfig */;
			buildSettings = {
				ASSETCATALOG_COMPILER_APPICON_NAME = AppIcon;
				"CODE_SIGN_IDENTITY[sdk=iphoneos*]" = "iPhone Developer";
				DEVELOPMENT_TEAM = VU4XWBGWAJ;
				INFOPLIST_FILE = VideoDemo/Info.plist;
				IPHONEOS_DEPLOYMENT_TARGET = 8.0;
				LD_RUNPATH_SEARCH_PATHS = "$(inherited) @executable_path/Frameworks";
				PRODUCT_BUNDLE_IDENTIFIER = com.zhongxiaolong.VideoDemo;
				PRODUCT_NAME = "$(TARGET_NAME)";
				PROVISIONING_PROFILE = "";
				PROVISIONING_PROFILE_SPECIFIER = "";
			};
			name = Release;
		};
/* End XCBuildConfiguration section */

/* Begin XCConfigurationList section */
		840D36981DB7A46200EBC903 /* Build configuration list for PBXProject "VideoDemo" */ = {
			isa = XCConfigurationList;
			buildConfigurations = (
				840D36B21DB7A46300EBC903 /* Debug */,
				840D36B31DB7A46300EBC903 /* Release */,
			);
			defaultConfigurationIsVisible = 0;
			defaultConfigurationName = Release;
		};
		840D36B41DB7A46300EBC903 /* Build configuration list for PBXNativeTarget "VideoDemo" */ = {
			isa = XCConfigurationList;
			buildConfigurations = (
				840D36B51DB7A46300EBC903 /* Debug */,
				840D36B61DB7A46300EBC903 /* Release */,
			);
			defaultConfigurationIsVisible = 0;
			defaultConfigurationName = Release;
		};
/* End XCConfigurationList section */
	};
	rootObject = 840D36951DB7A46200EBC903 /* Project object */;
}
